// !$*UTF8*$!
{
	archiveVersion = 1;
	classes = {
	};
	objectVersion = 77;
	objects = {

/* Begin PBXBuildFile section */
		A85D83A22F985FBE003731CE /* HexCore in Frameworks */ = {isa = PBXBuildFile; productRef = A85D83A12F985FBE003731CE /* HexCore */; };
		A85D83A42F985FBE003731CE /* HexGeometry in Frameworks */ = {isa = PBXBuildFile; productRef = A85D83A32F985FBE003731CE /* HexGeometry */; };
		A85D83A72F9860EA003731CE /* MapCore in Frameworks */ = {isa = PBXBuildFile; productRef = A85D83A62F9860EA003731CE /* MapCore */; };
		A85D83A92F9860EA003731CE /* MapFogOfWar in Frameworks */ = {isa = PBXBuildFile; productRef = A85D83A82F9860EA003731CE /* MapFogOfWar */; };
		A85D83AD2F986354003731CE /* DesignSystem in Frameworks */ = {isa = PBXBuildFile; productRef = A85D83AC2F986354003731CE /* DesignSystem */; };
		A85D83AF2F986354003731CE /* LocationRecording in Frameworks */ = {isa = PBXBuildFile; productRef = A85D83AE2F986354003731CE /* LocationRecording */; };
		A85D83B12F986354003731CE /* PersistenceCore in Frameworks */ = {isa = PBXBuildFile; productRef = A85D83B02F986354003731CE /* PersistenceCore */; };
		A8F844692F98747F0089FDA6 /* DesignSystem in Frameworks */ = {isa = PBXBuildFile; productRef = A8F844682F98747F0089FDA6 /* DesignSystem */; };
/* End PBXBuildFile section */

/* Begin PBXFileReference section */
		A85D83AA2F986189003731CE /* RideVerse.xctestplan */ = {isa = PBXFileReference; lastKnownFileType = text; name = RideVerse.xctestplan; path = ../RideVerse.xctestplan; sourceTree = "<group>"; };
		A8A9AA392F98374A00BBF817 /* RideVerse.app */ = {isa = PBXFileReference; explicitFileType = wrapper.application; includeInIndex = 0; path = RideVerse.app; sourceTree = BUILT_PRODUCTS_DIR; };
		A8F8445D2F9874730089FDA6 /* DesignSystemGallery.app */ = {isa = PBXFileReference; explicitFileType = wrapper.application; includeInIndex = 0; path = DesignSystemGallery.app; sourceTree = BUILT_PRODUCTS_DIR; };
/* End PBXFileReference section */

/* Begin PBXFileSystemSynchronizedRootGroup section */
		A8A9AA3B2F98374A00BBF817 /* RideVerse */ = {
			isa = PBXFileSystemSynchronizedRootGroup;
			path = RideVerse;
			sourceTree = "<group>";
		};
		A8F8445E2F9874730089FDA6 /* DesignSystemGallery */ = {
			isa = PBXFileSystemSynchronizedRootGroup;
			path = DesignSystemGallery;
			sourceTree = "<group>";
		};
/* End PBXFileSystemSynchronizedRootGroup section */

/* Begin PBXFrameworksBuildPhase section */
		A8A9AA362F98374A00BBF817 /* Frameworks */ = {
			isa = PBXFrameworksBuildPhase;
			buildActionMask = 2147483647;
			files = (
				A85D83AD2F986354003731CE /* DesignSystem in Frameworks */,
				A85D83A92F9860EA003731CE /* MapFogOfWar in Frameworks */,
				A85D83A72F9860EA003731CE /* MapCore in Frameworks */,
				A85D83B12F986354003731CE /* PersistenceCore in Frameworks */,
				A85D83AF2F986354003731CE /* LocationRecording in Frameworks */,
				A85D83A42F985FBE003731CE /* HexGeometry in Frameworks */,
				A85D83A22F985FBE003731CE /* HexCore in Frameworks */,
			);
			runOnlyForDeploymentPostprocessing = 0;
		};
		A8F8445A2F9874730089FDA6 /* Frameworks */ = {
			isa = PBXFrameworksBuildPhase;
			buildActionMask = 2147483647;
			files = (
				A8F844692F98747F0089FDA6 /* DesignSystem in Frameworks */,
			);
			runOnlyForDeploymentPostprocessing = 0;
		};
/* End PBXFrameworksBuildPhase section */

/* Begin PBXGroup section */
		A85D83AB2F98631E003731CE /* Frameworks */ = {
			isa = PBXGroup;
			children = (
			);
			name = Frameworks;
			sourceTree = "<group>";
		};
		A8A9AA302F98374A00BBF817 = {
			isa = PBXGroup;
			children = (
				A85D83AA2F986189003731CE /* RideVerse.xctestplan */,
				A8A9AA3B2F98374A00BBF817 /* RideVerse */,
				A8F8445E2F9874730089FDA6 /* DesignSystemGallery */,
				A85D83AB2F98631E003731CE /* Frameworks */,
				A8A9AA3A2F98374A00BBF817 /* Products */,
			);
			sourceTree = "<group>";
		};
		A8A9AA3A2F98374A00BBF817 /* Products */ = {
			isa = PBXGroup;
			children = (
				A8A9AA392F98374A00BBF817 /* RideVerse.app */,
				A8F8445D2F9874730089FDA6 /* DesignSystemGallery.app */,
			);
			name = Products;
			sourceTree = "<group>";
		};
/* End PBXGroup section */

/* Begin PBXNativeTarget section */
		A8A9AA382F98374A00BBF817 /* RideVerse */ = {
			isa = PBXNativeTarget;
			buildConfigurationList = A8A9AA442F98374C00BBF817 /* Build configuration list for PBXNativeTarget "RideVerse" */;
			buildPhases = (
				A8A9AA352F98374A00BBF817 /* Sources */,
				A8A9AA362F98374A00BBF817 /* Frameworks */,
				A8A9AA372F98374A00BBF817 /* Resources */,
			);
			buildRules = (
			);
			dependencies = (
			);
			fileSystemSynchronizedGroups = (
				A8A9AA3B2F98374A00BBF817 /* RideVerse */,
			);
			name = RideVerse;
			packageProductDependencies = (
				A85D83A12F985FBE003731CE /* HexCore */,
				A85D83A32F985FBE003731CE /* HexGeometry */,
				A85D83A62F9860EA003731CE /* MapCore */,
				A85D83A82F9860EA003731CE /* MapFogOfWar */,
				A85D83AC2F986354003731CE /* DesignSystem */,
				A85D83AE2F986354003731CE /* LocationRecording */,
				A85D83B02F986354003731CE /* PersistenceCore */,
			);
			productName = RideVerse;
			productReference = A8A9AA392F98374A00BBF817 /* RideVerse.app */;
			productType = "com.apple.product-type.application";
		};
		A8F8445C2F9874730089FDA6 /* DesignSystemGallery */ = {
			isa = PBXNativeTarget;
			buildConfigurationList = A8F844672F9874750089FDA6 /* Build configuration list for PBXNativeTarget "DesignSystemGallery" */;
			buildPhases = (
				A8F844592F9874730089FDA6 /* Sources */,
				A8F8445A2F9874730089FDA6 /* Frameworks */,
				A8F8445B2F9874730089FDA6 /* Resources */,
			);
			buildRules = (
			);
			dependencies = (
			);
			fileSystemSynchronizedGroups = (
				A8F8445E2F9874730089FDA6 /* DesignSystemGallery */,
			);
			name = DesignSystemGallery;
			packageProductDependencies = (
				A8F844682F98747F0089FDA6 /* DesignSystem */,
			);
			productName = DesignSystemGallery;
			productReference = A8F8445D2F9874730089FDA6 /* DesignSystemGallery.app */;
			productType = "com.apple.product-type.application";
		};
/* End PBXNativeTarget section */

/* Begin PBXProject section */
		A8A9AA312F98374A00BBF817 /* Project object */ = {
			isa = PBXProject;
			attributes = {
				BuildIndependentTargetsInParallel = 1;
				LastSwiftUpdateCheck = 2640;
				LastUpgradeCheck = 2640;
				TargetAttributes = {
					A8A9AA382F98374A00BBF817 = {
						CreatedOnToolsVersion = 26.4.1;
					};
					A8F8445C2F9874730089FDA6 = {
						CreatedOnToolsVersion = 26.4.1;
					};
				};
			};
			buildConfigurationList = A8A9AA342F98374A00BBF817 /* Build configuration list for PBXProject "RideVerse" */;
			developmentRegion = en;
			hasScannedForEncodings = 0;
			knownRegions = (
				en,
				Base,
			);
			mainGroup = A8A9AA302F98374A00BBF817;
			minimizedProjectReferenceProxies = 1;
			packageReferences = (
				A85D83A02F985FBE003731CE /* XCLocalSwiftPackageReference "../Packages/HexKit" */,
				A85D83A52F9860EA003731CE /* XCLocalSwiftPackageReference "../Packages/MapVerse" */,
			);
			preferredProjectObjectVersion = 77;
			productRefGroup = A8A9AA3A2F98374A00BBF817 /* Products */;
			projectDirPath = "";
			projectRoot = "";
			targets = (
				A8A9AA382F98374A00BBF817 /* RideVerse */,
				A8F8445C2F9874730089FDA6 /* DesignSystemGallery */,
			);
		};
/* End PBXProject section */

/* Begin PBXResourcesBuildPhase section */
		A8A9AA372F98374A00BBF817 /* Resources */ = {
			isa = PBXResourcesBuildPhase;
			buildActionMask = 2147483647;
			files = (
			);
			runOnlyForDeploymentPostprocessing = 0;
		};
		A8F8445B2F9874730089FDA6 /* Resources */ = {
			isa = PBXResourcesBuildPhase;
			buildActionMask = 2147483647;
			files = (
			);
			runOnlyForDeploymentPostprocessing = 0;
		};
/* End PBXResourcesBuildPhase section */

/* Begin PBXSourcesBuildPhase section */
		A8A9AA352F98374A00BBF817 /* Sources */ = {
			isa = PBXSourcesBuildPhase;
			buildActionMask = 2147483647;
			files = (
			);
			runOnlyForDeploymentPostprocessing = 0;
		};
		A8F844592F9874730089FDA6 /* Sources */ = {
			isa = PBXSourcesBuildPhase;
			buildActionMask = 2147483647;
			files = (
			);
			runOnlyForDeploymentPostprocessing = 0;
		};
/* End PBXSourcesBuildPhase section */

/* Begin XCBuildConfiguration section */
		A8A9AA422F98374C00BBF817 /* Debug */ = {
			isa = XCBuildConfiguration;
			buildSettings = {
				ALWAYS_SEARCH_USER_PATHS = NO;
				ASSETCATALOG_COMPILER_GENERATE_SWIFT_ASSET_SYMBOL_EXTENSIONS = YES;
				CLANG_ANALYZER_NONNULL = YES;
				CLANG_ANALYZER_NUMBER_OBJECT_CONVERSION = YES_AGGRESSIVE;
				CLANG_CXX_LANGUAGE_STANDARD = "gnu++20";
				CLANG_ENABLE_MODULES = YES;
				CLANG_ENABLE_OBJC_ARC = YES;
				CLANG_ENABLE_OBJC_WEAK = YES;
				CLANG_WARN_BLOCK_CAPTURE_AUTORELEASING = YES;
				CLANG_WARN_BOOL_CONVERSION = YES;
				CLANG_WARN_COMMA = YES;
				CLANG_WARN_CONSTANT_CONVERSION = YES;
				CLANG_WARN_DEPRECATED_OBJC_IMPLEMENTATIONS = YES;
				CLANG_WARN_DIRECT_OBJC_ISA_USAGE = YES_ERROR;
				CLANG_WARN_DOCUMENTATION_COMMENTS = YES;
				CLANG_WARN_EMPTY_BODY = YES;
				CLANG_WARN_ENUM_CONVERSION = YES;
				CLANG_WARN_INFINITE_RECURSION = YES;
				CLANG_WARN_INT_CONVERSION = YES;
				CLANG_WARN_NON_LITERAL_NULL_CONVERSION = YES;
				CLANG_WARN_OBJC_IMPLICIT_RETAIN_SELF = YES;
				CLANG_WARN_OBJC_LITERAL_CONVERSION = YES;
				CLANG_WARN_OBJC_ROOT_CLASS = YES_ERROR;
				CLANG_WARN_QUOTED_INCLUDE_IN_FRAMEWORK_HEADER = YES;
				CLANG_WARN_RANGE_LOOP_ANALYSIS = YES;
				CLANG_WARN_STRICT_PROTOTYPES = YES;
				CLANG_WARN_SUSPICIOUS_MOVE = YES;
				CLANG_WARN_UNGUARDED_AVAILABILITY = YES_AGGRESSIVE;
				CLANG_WARN_UNREACHABLE_CODE = YES;
				CLANG_WARN__DUPLICATE_METHOD_MATCH = YES;
				COPY_PHASE_STRIP = NO;
				DEBUG_INFORMATION_FORMAT = dwarf;
				DEVELOPMENT_TEAM = 8XKX9Z7C36;
				ENABLE_STRICT_OBJC_MSGSEND = YES;
				ENABLE_TESTABILITY = YES;
				ENABLE_USER_SCRIPT_SANDBOXING = YES;
				GCC_C_LANGUAGE_STANDARD = gnu17;
				GCC_DYNAMIC_NO_PIC = NO;
				GCC_NO_COMMON_BLOCKS = YES;
				GCC_OPTIMIZATION_LEVEL = 0;
				GCC_PREPROCESSOR_DEFINITIONS = (
					"DEBUG=1",
					"$(inherited)",
				);
				GCC_WARN_64_TO_32_BIT_CONVERSION = YES;
				GCC_WARN_ABOUT_RETURN_TYPE = YES_ERROR;
				GCC_WARN_UNDECLARED_SELECTOR = YES;
				GCC_WARN_UNINITIALIZED_AUTOS = YES_AGGRESSIVE;
				GCC_WARN_UNUSED_FUNCTION = YES;
				GCC_WARN_UNUSED_VARIABLE = YES;
				IPHONEOS_DEPLOYMENT_TARGET = 26.4;
				LOCALIZATION_PREFERS_STRING_CATALOGS = YES;
				MTL_ENABLE_DEBUG_INFO = INCLUDE_SOURCE;
				MTL_FAST_MATH = YES;
				ONLY_ACTIVE_ARCH = YES;
				SDKROOT = iphoneos;
				SWIFT_ACTIVE_COMPILATION_CONDITIONS = "DEBUG $(inherited)";
				SWIFT_OPTIMIZATION_LEVEL = "-Onone";
			};
			name = Debug;
		};
		A8A9AA432F98374C00BBF817 /* Release */ = {
			isa = XCBuildConfiguration;
			buildSettings = {
				ALWAYS_SEARCH_USER_PATHS = NO;
				ASSETCATALOG_COMPILER_GENERATE_SWIFT_ASSET_SYMBOL_EXTENSIONS = YES;
				CLANG_ANALYZER_NONNULL = YES;
				CLANG_ANALYZER_NUMBER_OBJECT_CONVERSION = YES_AGGRESSIVE;
				CLANG_CXX_LANGUAGE_STANDARD = "gnu++20";
				CLANG_ENABLE_MODULES = YES;
				CLANG_ENABLE_OBJC_ARC = YES;
				CLANG_ENABLE_OBJC_WEAK = YES;
				CLANG_WARN_BLOCK_CAPTURE_AUTORELEASING = YES;
				CLANG_WARN_BOOL_CONVERSION = YES;
				CLANG_WARN_COMMA = YES;
				CLANG_WARN_CONSTANT_CONVERSION = YES;
				CLANG_WARN_DEPRECATED_OBJC_IMPLEMENTATIONS = YES;
				CLANG_WARN_DIRECT_OBJC_ISA_USAGE = YES_ERROR;
				CLANG_WARN_DOCUMENTATION_COMMENTS = YES;
				CLANG_WARN_EMPTY_BODY = YES;
				CLANG_WARN_ENUM_CONVERSION = YES;
				CLANG_WARN_INFINITE_RECURSION = YES;
				CLANG_WARN_INT_CONVERSION = YES;
				CLANG_WARN_NON_LITERAL_NULL_CONVERSION = YES;
				CLANG_WARN_OBJC_IMPLICIT_RETAIN_SELF = YES;
				CLANG_WARN_OBJC_LITERAL_CONVERSION = YES;
				CLANG_WARN_OBJC_ROOT_CLASS = YES_ERROR;
				CLANG_WARN_QUOTED_INCLUDE_IN_FRAMEWORK_HEADER = YES;
				CLANG_WARN_RANGE_LOOP_ANALYSIS = YES;
				CLANG_WARN_STRICT_PROTOTYPES = YES;
				CLANG_WARN_SUSPICIOUS_MOVE = YES;
				CLANG_WARN_UNGUARDED_AVAILABILITY = YES_AGGRESSIVE;
				CLANG_WARN_UNREACHABLE_CODE = YES;
				CLANG_WARN__DUPLICATE_METHOD_MATCH = YES;
				COPY_PHASE_STRIP = NO;
				DEBUG_INFORMATION_FORMAT = "dwarf-with-dsym";
				DEVELOPMENT_TEAM = 8XKX9Z7C36;
				ENABLE_NS_ASSERTIONS = NO;
				ENABLE_STRICT_OBJC_MSGSEND = YES;
				ENABLE_USER_SCRIPT_SANDBOXING = YES;
				GCC_C_LANGUAGE_STANDARD = gnu17;
				GCC_NO_COMMON_BLOCKS = YES;
				GCC_WARN_64_TO_32_BIT_CONVERSION = YES;
				GCC_WARN_ABOUT_RETURN_TYPE = YES_ERROR;
				GCC_WARN_UNDECLARED_SELECTOR = YES;
				GCC_WARN_UNINITIALIZED_AUTOS = YES_AGGRESSIVE;
				GCC_WARN_UNUSED_FUNCTION = YES;
				GCC_WARN_UNUSED_VARIABLE = YES;
				IPHONEOS_DEPLOYMENT_TARGET = 26.4;
				LOCALIZATION_PREFERS_STRING_CATALOGS = YES;
				MTL_ENABLE_DEBUG_INFO = NO;
				MTL_FAST_MATH = YES;
				SDKROOT = iphoneos;
				SWIFT_COMPILATION_MODE = wholemodule;
				VALIDATE_PRODUCT = YES;
			};
			name = Release;
		};
		A8A9AA452F98374C00BBF817 /* Debug */ = {
			isa = XCBuildConfiguration;
			buildSettings = {
				ASSETCATALOG_COMPILER_APPICON_NAME = AppIcon;
				ASSETCATALOG_COMPILER_GLOBAL_ACCENT_COLOR_NAME = AccentColor;
				CODE_SIGN_ENTITLEMENTS = RideVerse/RideVerse.entitlements;
				CODE_SIGN_STYLE = Automatic;
				CURRENT_PROJECT_VERSION = 1;
				DEVELOPMENT_TEAM = 8XKX9Z7C36;
				ENABLE_PREVIEWS = YES;
				GENERATE_INFOPLIST_FILE = YES;
				INFOPLIST_FILE = Info.plist;
				INFOPLIST_KEY_NSBluetoothAlwaysUsageDescription = "Connects to heart rate monitors and cycling sensors during rides";
				INFOPLIST_KEY_NSHealthShareUsageDescription = "Reads your heart rate during rides to show live health metrics";
				INFOPLIST_KEY_NSHealthUpdateUsageDescription = "Saves your cycling workouts to Apple Health";
				INFOPLIST_KEY_NSLocationAlwaysAndWhenInUseUsageDescription = "RideVerse records your bike rides in the background so you can lock your phone and keep pedaling. Your routes stay on your device.";
				INFOPLIST_KEY_NSLocationWhenInUseUsageDescription = "RideVerse shows your bike route on the map while you ride";
				INFOPLIST_KEY_NSMotionUsageDescription = "Detects when you stop pedaling to auto-pause your ride";
				INFOPLIST_KEY_UIApplicationSceneManifest_Generation = YES;
				INFOPLIST_KEY_UIApplicationSupportsIndirectInputEvents = YES;
				INFOPLIST_KEY_UIBackgroundModes = "location bluetooth-central";
				INFOPLIST_KEY_UILaunchScreen_Generation = YES;
				INFOPLIST_KEY_UISupportedInterfaceOrientations_iPad = "UIInterfaceOrientationPortrait UIInterfaceOrientationPortraitUpsideDown UIInterfaceOrientationLandscapeLeft UIInterfaceOrientationLandscapeRight";
				INFOPLIST_KEY_UISupportedInterfaceOrientations_iPhone = "UIInterfaceOrientationPortrait UIInterfaceOrientationLandscapeLeft UIInterfaceOrientationLandscapeRight";
				LD_RUNPATH_SEARCH_PATHS = (
					"$(inherited)",
					"@executable_path/Frameworks",
				);
				MARKETING_VERSION = 1.0;
				PRODUCT_BUNDLE_IDENTIFIER = com.iiiivaska.RideVerse;
				PRODUCT_NAME = "$(TARGET_NAME)";
				STRING_CATALOG_GENERATE_SYMBOLS = YES;
				SWIFT_APPROACHABLE_CONCURRENCY = YES;
				SWIFT_DEFAULT_ACTOR_ISOLATION = MainActor;
				SWIFT_EMIT_LOC_STRINGS = YES;
				SWIFT_STRICT_CONCURRENCY = complete;
				SWIFT_UPCOMING_FEATURE_MEMBER_IMPORT_VISIBILITY = YES;
				SWIFT_VERSION = 6.0;
				TARGETED_DEVICE_FAMILY = "1,2";
			};
			name = Debug;
		};
		A8A9AA462F98374C00BBF817 /* Release */ = {
			isa = XCBuildConfiguration;
			buildSettings = {
				ASSETCATALOG_COMPILER_APPICON_NAME = AppIcon;
				ASSETCATALOG_COMPILER_GLOBAL_ACCENT_COLOR_NAME = AccentColor;
				CODE_SIGN_ENTITLEMENTS = RideVerse/RideVerse.entitlements;
				CODE_SIGN_STYLE = Automatic;
				CURRENT_PROJECT_VERSION = 1;
				DEVELOPMENT_TEAM = 8XKX9Z7C36;
				ENABLE_PREVIEWS = YES;
				GENERATE_INFOPLIST_FILE = YES;
				INFOPLIST_FILE = Info.plist;
				INFOPLIST_KEY_NSBluetoothAlwaysUsageDescription = "Connects to heart rate monitors and cycling sensors during rides";
				INFOPLIST_KEY_NSHealthShareUsageDescription = "Reads your heart rate during rides to show live health metrics";
				INFOPLIST_KEY_NSHealthUpdateUsageDescription = "Saves your cycling workouts to Apple Health";
				INFOPLIST_KEY_NSLocationAlwaysAndWhenInUseUsageDescription = "RideVerse records your bike rides in the background so you can lock your phone and keep pedaling. Your routes stay on your device.";
				INFOPLIST_KEY_NSLocationWhenInUseUsageDescription = "RideVerse shows your bike route on the map while you ride";
				INFOPLIST_KEY_NSMotionUsageDescription = "Detects when you stop pedaling to auto-pause your ride";
				INFOPLIST_KEY_UIApplicationSceneManifest_Generation = YES;
				INFOPLIST_KEY_UIApplicationSupportsIndirectInputEvents = YES;
				INFOPLIST_KEY_UIBackgroundModes = "location bluetooth-central";
				INFOPLIST_KEY_UILaunchScreen_Generation = YES;
				INFOPLIST_KEY_UISupportedInterfaceOrientations_iPad = "UIInterfaceOrientationPortrait UIInterfaceOrientationPortraitUpsideDown UIInterfaceOrientationLandscapeLeft UIInterfaceOrientationLandscapeRight";
				INFOPLIST_KEY_UISupportedInterfaceOrientations_iPhone = "UIInterfaceOrientationPortrait UIInterfaceOrientationLandscapeLeft UIInterfaceOrientationLandscapeRight";
				LD_RUNPATH_SEARCH_PATHS = (
					"$(inherited)",
					"@executable_path/Frameworks",
				);
				MARKETING_VERSION = 1.0;
				PRODUCT_BUNDLE_IDENTIFIER = com.iiiivaska.RideVerse;
				PRODUCT_NAME = "$(TARGET_NAME)";
				STRING_CATALOG_GENERATE_SYMBOLS = YES;
				SWIFT_APPROACHABLE_CONCURRENCY = YES;
				SWIFT_DEFAULT_ACTOR_ISOLATION = MainActor;
				SWIFT_EMIT_LOC_STRINGS = YES;
				SWIFT_STRICT_CONCURRENCY = complete;
				SWIFT_UPCOMING_FEATURE_MEMBER_IMPORT_VISIBILITY = YES;
				SWIFT_VERSION = 6.0;
				TARGETED_DEVICE_FAMILY = "1,2";
			};
			name = Release;
		};
		A8F844652F9874750089FDA6 /* Debug */ = {
			isa = XCBuildConfiguration;
			buildSettings = {
				ASSETCATALOG_COMPILER_APPICON_NAME = AppIcon;
				ASSETCATALOG_COMPILER_GLOBAL_ACCENT_COLOR_NAME = AccentColor;
				CODE_SIGN_STYLE = Automatic;
				CURRENT_PROJECT_VERSION = 1;
				DEVELOPMENT_TEAM = 8XKX9Z7C36;
				ENABLE_PREVIEWS = YES;
				GENERATE_INFOPLIST_FILE = YES;
				INFOPLIST_KEY_UIApplicationSceneManifest_Generation = YES;
				INFOPLIST_KEY_UIApplicationSupportsIndirectInputEvents = YES;
				INFOPLIST_KEY_UILaunchScreen_Generation = YES;
				INFOPLIST_KEY_UISupportedInterfaceOrientations_iPad = "UIInterfaceOrientationPortrait UIInterfaceOrientationPortraitUpsideDown UIInterfaceOrientationLandscapeLeft UIInterfaceOrientationLandscapeRight";
				INFOPLIST_KEY_UISupportedInterfaceOrientations_iPhone = "UIInterfaceOrientationPortrait UIInterfaceOrientationLandscapeLeft UIInterfaceOrientationLandscapeRight";
				IPHONEOS_DEPLOYMENT_TARGET = 26.0;
				LD_RUNPATH_SEARCH_PATHS = (
					"$(inherited)",
					"@executable_path/Frameworks",
				);
				MARKETING_VERSION = 1.0;
				PRODUCT_BUNDLE_IDENTIFIER = com.iiiivaska.DesignSystemGallery;
				PRODUCT_NAME = "$(TARGET_NAME)";
				STRING_CATALOG_GENERATE_SYMBOLS = YES;
				SWIFT_APPROACHABLE_CONCURRENCY = YES;
				SWIFT_DEFAULT_ACTOR_ISOLATION = MainActor;
				SWIFT_EMIT_LOC_STRINGS = YES;
				SWIFT_UPCOMING_FEATURE_MEMBER_IMPORT_VISIBILITY = YES;
				SWIFT_VERSION = 5.0;
				TARGETED_DEVICE_FAMILY = "1,2";
			};
			name = Debug;
		};
		A8F844662F9874750089FDA6 /* Release */ = {
			isa = XCBuildConfiguration;
			buildSettings = {
				ASSETCATALOG_COMPILER_APPICON_NAME = AppIcon;
				ASSETCATALOG_COMPILER_GLOBAL_ACCENT_COLOR_NAME = AccentColor;
				CODE_SIGN_STYLE = Automatic;
				CURRENT_PROJECT_VERSION = 1;
				DEVELOPMENT_TEAM = 8XKX9Z7C36;
				ENABLE_PREVIEWS = YES;
				GENERATE_INFOPLIST_FILE = YES;
				INFOPLIST_KEY_UIApplicationSceneManifest_Generation = YES;
				INFOPLIST_KEY_UIApplicationSupportsIndirectInputEvents = YES;
				INFOPLIST_KEY_UILaunchScreen_Generation = YES;
				INFOPLIST_KEY_UISupportedInterfaceOrientations_iPad = "UIInterfaceOrientationPortrait UIInterfaceOrientationPortraitUpsideDown UIInterfaceOrientationLandscapeLeft UIInterfaceOrientationLandscapeRight";
				INFOPLIST_KEY_UISupportedInterfaceOrientations_iPhone = "UIInterfaceOrientationPortrait UIInterfaceOrientationLandscapeLeft UIInterfaceOrientationLandscapeRight";
				IPHONEOS_DEPLOYMENT_TARGET = 26.0;
				LD_RUNPATH_SEARCH_PATHS = (
					"$(inherited)",
					"@executable_path/Frameworks",
				);
				MARKETING_VERSION = 1.0;
				PRODUCT_BUNDLE_IDENTIFIER = com.iiiivaska.DesignSystemGallery;
				PRODUCT_NAME = "$(TARGET_NAME)";
				STRING_CATALOG_GENERATE_SYMBOLS = YES;
				SWIFT_APPROACHABLE_CONCURRENCY = YES;
				SWIFT_DEFAULT_ACTOR_ISOLATION = MainActor;
				SWIFT_EMIT_LOC_STRINGS = YES;
				SWIFT_UPCOMING_FEATURE_MEMBER_IMPORT_VISIBILITY = YES;
				SWIFT_VERSION = 5.0;
				TARGETED_DEVICE_FAMILY = "1,2";
			};
			name = Release;
		};
/* End XCBuildConfiguration section */

/* Begin XCConfigurationList section */
		A8A9AA342F98374A00BBF817 /* Build configuration list for PBXProject "RideVerse" */ = {
			isa = XCConfigurationList;
			buildConfigurations = (
				A8A9AA422F98374C00BBF817 /* Debug */,
				A8A9AA432F98374C00BBF817 /* Release */,
			);
			defaultConfigurationIsVisible = 0;
			defaultConfigurationName = Release;
		};
		A8A9AA442F98374C00BBF817 /* Build configuration list for PBXNativeTarget "RideVerse" */ = {
			isa = XCConfigurationList;
			buildConfigurations = (
				A8A9AA452F98374C00BBF817 /* Debug */,
				A8A9AA462F98374C00BBF817 /* Release */,
			);
			defaultConfigurationIsVisible = 0;
			defaultConfigurationName = Release;
		};
		A8F844672F9874750089FDA6 /* Build configuration list for PBXNativeTarget "DesignSystemGallery" */ = {
			isa = XCConfigurationList;
			buildConfigurations = (
				A8F844652F9874750089FDA6 /* Debug */,
				A8F844662F9874750089FDA6 /* Release */,
			);
			defaultConfigurationIsVisible = 0;
			defaultConfigurationName = Release;
		};
/* End XCConfigurationList section */

/* Begin XCLocalSwiftPackageReference section */
		A85D83A02F985FBE003731CE /* XCLocalSwiftPackageReference "../Packages/HexKit" */ = {
			isa = XCLocalSwiftPackageReference;
			relativePath = ../Packages/HexKit;
		};
		A85D83A52F9860EA003731CE /* XCLocalSwiftPackageReference "../Packages/MapVerse" */ = {
			isa = XCLocalSwiftPackageReference;
			relativePath = ../Packages/MapVerse;
		};
/* End XCLocalSwiftPackageReference section */

/* Begin XCSwiftPackageProductDependency section */
		A85D83A12F985FBE003731CE /* HexCore */ = {
			isa = XCSwiftPackageProductDependency;
			productName = HexCore;
		};
		A85D83A32F985FBE003731CE /* HexGeometry */ = {
			isa = XCSwiftPackageProductDependency;
			productName = HexGeometry;
		};
		A85D83A62F9860EA003731CE /* MapCore */ = {
			isa = XCSwiftPackageProductDependency;
			productName = MapCore;
		};
		A85D83A82F9860EA003731CE /* MapFogOfWar */ = {
			isa = XCSwiftPackageProductDependency;
			productName = MapFogOfWar;
		};
		A85D83AC2F986354003731CE /* DesignSystem */ = {
			isa = XCSwiftPackageProductDependency;
			productName = DesignSystem;
		};
		A85D83AE2F986354003731CE /* LocationRecording */ = {
			isa = XCSwiftPackageProductDependency;
			productName = LocationRecording;
		};
		A85D83B02F986354003731CE /* PersistenceCore */ = {
			isa = XCSwiftPackageProductDependency;
			productName = PersistenceCore;
		};
		A8F844682F98747F0089FDA6 /* DesignSystem */ = {
			isa = XCSwiftPackageProductDependency;
			productName = DesignSystem;
		};
/* End XCSwiftPackageProductDependency section */
	};
	rootObject = A8A9AA312F98374A00BBF817 /* Project object */;
}
